// !$*UTF8*$!
{
	archiveVersion = 1;
	classes = {
	};
	objectVersion = 51;
	objects = {

/* Begin PBXBuildFile section */
		4CEF37E5161E7896CCEDBF8B /* libPods-IssueCollectorExample.a in Frameworks */ = {isa = PBXBuildFile; fileRef = 25A79BCE01557911FA272351 /* libPods-IssueCollectorExample.a */; };
		7C4DC3B223CC9C08000C24F5 /* AppDelegate.swift in Sources */ = {isa = PBXBuildFile; fileRef = 7C4DC3B123CC9C08000C24F5 /* AppDelegate.swift */; };
		7C4DC3B623CC9C08000C24F5 /* ViewController.swift in Sources */ = {isa = PBXBuildFile; fileRef = 7C4DC3B523CC9C08000C24F5 /* ViewController.swift */; };
		7C4DC3B923CC9C08000C24F5 /* Main.storyboard in Resources */ = {isa = PBXBuildFile; fileRef = 7C4DC3B723CC9C08000C24F5 /* Main.storyboard */; };
		7C4DC3BB23CC9C09000C24F5 /* Assets.xcassets in Resources */ = {isa = PBXBuildFile; fileRef = 7C4DC3BA23CC9C09000C24F5 /* Assets.xcassets */; };
		7C4DC3BE23CC9C09000C24F5 /* LaunchScreen.storyboard in Resources */ = {isa = PBXBuildFile; fileRef = 7C4DC3BC23CC9C09000C24F5 /* LaunchScreen.storyboard */; };
		7C4DC3C323CC9D60000C24F5 /* IssueCollector.framework in Frameworks */ = {isa = PBXBuildFile; fileRef = 91B7974023B0E6350038CE25 /* IssueCollector.framework */; };
		7C4DC3C423CC9D60000C24F5 /* IssueCollector.framework in Embed Frameworks */ = {isa = PBXBuildFile; fileRef = 91B7974023B0E6350038CE25 /* IssueCollector.framework */; settings = {ATTRIBUTES = (CodeSignOnCopy, RemoveHeadersOnCopy, ); }; };
		7C8C8F3E23CCBA9D0005B731 /* FieldsResponse.swift in Sources */ = {isa = PBXBuildFile; fileRef = 7C8C8F3D23CCBA9D0005B731 /* FieldsResponse.swift */; };
		912FC42A23B236D10056C758 /* SettingsViewModel.swift in Sources */ = {isa = PBXBuildFile; fileRef = 912FC42923B236D10056C758 /* SettingsViewModel.swift */; };
		9131090323B2573B00D794D6 /* PickerRowView.xib in Resources */ = {isa = PBXBuildFile; fileRef = 9131090223B2573B00D794D6 /* PickerRowView.xib */; };
		9131090523B25B7900D794D6 /* PickerRowView.swift in Sources */ = {isa = PBXBuildFile; fileRef = 9131090423B25B7900D794D6 /* PickerRowView.swift */; };
		9131090723B25BC700D794D6 /* XibConnected.swift in Sources */ = {isa = PBXBuildFile; fileRef = 9131090623B25BC700D794D6 /* XibConnected.swift */; };
		914D1E1623C78D44009D8DF3 /* b2.png in Resources */ = {isa = PBXBuildFile; fileRef = 914D1E1523C78D44009D8DF3 /* b2.png */; };
		914D1E1823C78DC6009D8DF3 /* zizou.png in Resources */ = {isa = PBXBuildFile; fileRef = 914D1E1723C78DC6009D8DF3 /* zizou.png */; };
		91653F2623B10F2A00D4BF0F /* UIView + asImage.swift in Sources */ = {isa = PBXBuildFile; fileRef = 91653F2523B10F2A00D4BF0F /* UIView + asImage.swift */; };
		91653F2B23B1105E00D4BF0F /* Details.storyboard in Resources */ = {isa = PBXBuildFile; fileRef = 91653F2A23B1105E00D4BF0F /* Details.storyboard */; };
		91653F2E23B1129100D4BF0F /* DetailsViewController.swift in Sources */ = {isa = PBXBuildFile; fileRef = 91653F2D23B1129100D4BF0F /* DetailsViewController.swift */; };
		91653F3223B11DB200D4BF0F /* SettingsViewController.swift in Sources */ = {isa = PBXBuildFile; fileRef = 91653F3123B11DB200D4BF0F /* SettingsViewController.swift */; };
		91653F3623B12AA700D4BF0F /* Projects.swift in Sources */ = {isa = PBXBuildFile; fileRef = 91653F3523B12AA700D4BF0F /* Projects.swift */; };
		91653F3923B12C7200D4BF0F /* ProjectsResponse.swift in Sources */ = {isa = PBXBuildFile; fileRef = 91653F3823B12C7200D4BF0F /* ProjectsResponse.swift */; };
		9167CABE23B2704B00EA9763 /* CustomPickerView.xib in Resources */ = {isa = PBXBuildFile; fileRef = 9167CABD23B2704B00EA9763 /* CustomPickerView.xib */; };
		9167CAC023B270E000EA9763 /* CustomPickerView.swift in Sources */ = {isa = PBXBuildFile; fileRef = 9167CABF23B270E000EA9763 /* CustomPickerView.swift */; };
		9182435323BE2F0200BA97FB /* ProjectDetails.swift in Sources */ = {isa = PBXBuildFile; fileRef = 9182435223BE2F0200BA97FB /* ProjectDetails.swift */; };
		9182435523BE320200BA97FB /* ReportIssueViewModel.swift in Sources */ = {isa = PBXBuildFile; fileRef = 9182435423BE320200BA97FB /* ReportIssueViewModel.swift */; };
		9182435723BE431100BA97FB /* CreateIssueRequest.swift in Sources */ = {isa = PBXBuildFile; fileRef = 9182435623BE431100BA97FB /* CreateIssueRequest.swift */; };
		9182435A23BE49EF00BA97FB /* CreateIssueResponse.swift in Sources */ = {isa = PBXBuildFile; fileRef = 9182435923BE49EF00BA97FB /* CreateIssueResponse.swift */; };
		9182435C23BE5C2300BA97FB /* AttachmentResponse.swift in Sources */ = {isa = PBXBuildFile; fileRef = 9182435B23BE5C2300BA97FB /* AttachmentResponse.swift */; };
		91A39E7E23C478F700EF5AF7 /* KeyChain.swift in Sources */ = {isa = PBXBuildFile; fileRef = 91A39E7D23C478F700EF5AF7 /* KeyChain.swift */; };
		91A39E8023C489BF00EF5AF7 /* DetailsViewModel.swift in Sources */ = {isa = PBXBuildFile; fileRef = 91A39E7F23C489BF00EF5AF7 /* DetailsViewModel.swift */; };
		91A39E8223C4A6BD00EF5AF7 /* UserResponse.swift in Sources */ = {isa = PBXBuildFile; fileRef = 91A39E8123C4A6BD00EF5AF7 /* UserResponse.swift */; };
		91A39E8423C4E8A900EF5AF7 /* String + BulletPoint.swift in Sources */ = {isa = PBXBuildFile; fileRef = 91A39E8323C4E8A800EF5AF7 /* String + BulletPoint.swift */; };
		91AAA8BD23BE01C30063BE08 /* JiraProvider.swift in Sources */ = {isa = PBXBuildFile; fileRef = 91AAA8BC23BE01C30063BE08 /* JiraProvider.swift */; };
		91AAA8BF23BE02720063BE08 /* NukeImageLoader.swift in Sources */ = {isa = PBXBuildFile; fileRef = 91AAA8BE23BE02720063BE08 /* NukeImageLoader.swift */; };
		91AAA8C223BE066B0063BE08 /* UIViewController + Alert.swift in Sources */ = {isa = PBXBuildFile; fileRef = 91AAA8C123BE066B0063BE08 /* UIViewController + Alert.swift */; };
		91AAA8C423BE1EC30063BE08 /* ReportIssueViewController.swift in Sources */ = {isa = PBXBuildFile; fileRef = 91AAA8C323BE1EC30063BE08 /* ReportIssueViewController.swift */; };
		91B7974523B0E6350038CE25 /* IssueCollector.h in Headers */ = {isa = PBXBuildFile; fileRef = 91B7974323B0E6350038CE25 /* IssueCollector.h */; settings = {ATTRIBUTES = (Public, ); }; };
		91B7975223B0E6470038CE25 /* AppDelegate.swift in Sources */ = {isa = PBXBuildFile; fileRef = 91B7975123B0E6470038CE25 /* AppDelegate.swift */; };
		91B7975423B0E6470038CE25 /* SceneDelegate.swift in Sources */ = {isa = PBXBuildFile; fileRef = 91B7975323B0E6470038CE25 /* SceneDelegate.swift */; };
		91B7975623B0E6470038CE25 /* ContentView.swift in Sources */ = {isa = PBXBuildFile; fileRef = 91B7975523B0E6470038CE25 /* ContentView.swift */; };
		91B7975823B0E6470038CE25 /* Assets.xcassets in Resources */ = {isa = PBXBuildFile; fileRef = 91B7975723B0E6470038CE25 /* Assets.xcassets */; };
		91B7975B23B0E6470038CE25 /* Preview Assets.xcassets in Resources */ = {isa = PBXBuildFile; fileRef = 91B7975A23B0E6470038CE25 /* Preview Assets.xcassets */; };
		91B7975E23B0E6470038CE25 /* LaunchScreen.storyboard in Resources */ = {isa = PBXBuildFile; fileRef = 91B7975C23B0E6470038CE25 /* LaunchScreen.storyboard */; };
		91B7976423B0E7FD0038CE25 /* IssueCollector.swift in Sources */ = {isa = PBXBuildFile; fileRef = 91B7976323B0E7FD0038CE25 /* IssueCollector.swift */; };
		91D3307223B109F50045FD34 /* IssueCollector.framework in Embed Frameworks */ = {isa = PBXBuildFile; fileRef = 91B7974023B0E6350038CE25 /* IssueCollector.framework */; settings = {ATTRIBUTES = (CodeSignOnCopy, RemoveHeadersOnCopy, ); }; };
		91D38E1223C39C2500EA8450 /* LoginViewController.swift in Sources */ = {isa = PBXBuildFile; fileRef = 91D38E1123C39C2500EA8450 /* LoginViewController.swift */; };
		91D38E1423C39F9600EA8450 /* URL + query.swift in Sources */ = {isa = PBXBuildFile; fileRef = 91D38E1323C39F9600EA8450 /* URL + query.swift */; };
		91D38E1623C3A15F00EA8450 /* LoginRequest.swift in Sources */ = {isa = PBXBuildFile; fileRef = 91D38E1523C3A15F00EA8450 /* LoginRequest.swift */; };
		91D38E1823C3A3F400EA8450 /* LoginResponse.swift in Sources */ = {isa = PBXBuildFile; fileRef = 91D38E1723C3A3F400EA8450 /* LoginResponse.swift */; };
		91FA873C23BF42BC00D8A2CC /* StopRecordingView.swift in Sources */ = {isa = PBXBuildFile; fileRef = 91FA873B23BF42BC00D8A2CC /* StopRecordingView.swift */; };
		91FA873E23BF42FB00D8A2CC /* StopRecordingView.xib in Resources */ = {isa = PBXBuildFile; fileRef = 91FA873D23BF42FB00D8A2CC /* StopRecordingView.xib */; };
		91FA874123BF515000D8A2CC /* PreviewView.swift in Sources */ = {isa = PBXBuildFile; fileRef = 91FA874023BF515000D8A2CC /* PreviewView.swift */; };
		91FA874323BF6C5B00D8A2CC /* PreviewView.xib in Resources */ = {isa = PBXBuildFile; fileRef = 91FA874223BF6C5B00D8A2CC /* PreviewView.xib */; };
		91FA874623BF70DB00D8A2CC /* ConfettiManager.swift in Sources */ = {isa = PBXBuildFile; fileRef = 91FA874523BF70DB00D8A2CC /* ConfettiManager.swift */; };
		91FA874C23BF719600D8A2CC /* triangle.png in Resources */ = {isa = PBXBuildFile; fileRef = 91FA874823BF719500D8A2CC /* triangle.png */; };
		91FA874D23BF719600D8A2CC /* confetti.png in Resources */ = {isa = PBXBuildFile; fileRef = 91FA874923BF719500D8A2CC /* confetti.png */; };
		91FA874E23BF719600D8A2CC /* diamond.png in Resources */ = {isa = PBXBuildFile; fileRef = 91FA874A23BF719600D8A2CC /* diamond.png */; };
		91FA874F23BF719600D8A2CC /* star.png in Resources */ = {isa = PBXBuildFile; fileRef = 91FA874B23BF719600D8A2CC /* star.png */; };
		91FA875523BF77BD00D8A2CC /* taha.png in Resources */ = {isa = PBXBuildFile; fileRef = 91FA875423BF77BD00D8A2CC /* taha.png */; };
		91FA875B23BF7BBC00D8A2CC /* DefaultManager.swift in Sources */ = {isa = PBXBuildFile; fileRef = 91FA875A23BF7BBC00D8A2CC /* DefaultManager.swift */; };
		91FA875F23BF7D8E00D8A2CC /* ConfettiContainerView.swift in Sources */ = {isa = PBXBuildFile; fileRef = 91FA875E23BF7D8E00D8A2CC /* ConfettiContainerView.swift */; };
		91FA876123BF7DA100D8A2CC /* ConfettiContainerView.xib in Resources */ = {isa = PBXBuildFile; fileRef = 91FA876023BF7DA100D8A2CC /* ConfettiContainerView.xib */; };
		91FA876423BF82F900D8A2CC /* ButtonDoneRight.swift in Sources */ = {isa = PBXBuildFile; fileRef = 91FA876323BF82F900D8A2CC /* ButtonDoneRight.swift */; };
		BFD13739F9BB5DC001C67985 /* libPods-IssueCollectorExampleiOS12.a in Frameworks */ = {isa = PBXBuildFile; fileRef = CA907B15EF1FE31A75EBCF47 /* libPods-IssueCollectorExampleiOS12.a */; };
		F10F67A08163EBF4E55DABDF /* libPods-IssueCollector.a in Frameworks */ = {isa = PBXBuildFile; fileRef = AE4EA46BC96366F8B557BC63 /* libPods-IssueCollector.a */; };
/* End PBXBuildFile section */

/* Begin PBXContainerItemProxy section */
		7C4DC3C523CC9D60000C24F5 /* PBXContainerItemProxy */ = {
			isa = PBXContainerItemProxy;
			containerPortal = 91B7973723B0E6350038CE25 /* Project object */;
			proxyType = 1;
			remoteGlobalIDString = 91B7973F23B0E6350038CE25;
			remoteInfo = IssueCollector;
		};
		912FC42323B22DB30056C758 /* PBXContainerItemProxy */ = {
			isa = PBXContainerItemProxy;
			containerPortal = 91B7973723B0E6350038CE25 /* Project object */;
			proxyType = 1;
			remoteGlobalIDString = 91B7973F23B0E6350038CE25;
			remoteInfo = IssueCollector;
		};
/* End PBXContainerItemProxy section */

/* Begin PBXCopyFilesBuildPhase section */
		7C4DC3C723CC9D60000C24F5 /* Embed Frameworks */ = {
			isa = PBXCopyFilesBuildPhase;
			buildActionMask = 2147483647;
			dstPath = "";
			dstSubfolderSpec = 10;
			files = (
				7C4DC3C423CC9D60000C24F5 /* IssueCollector.framework in Embed Frameworks */,
			);
			name = "Embed Frameworks";
			runOnlyForDeploymentPostprocessing = 0;
		};
		91D3307123B109E60045FD34 /* Embed Frameworks */ = {
			isa = PBXCopyFilesBuildPhase;
			buildActionMask = 2147483647;
			dstPath = "";
			dstSubfolderSpec = 10;
			files = (
				91D3307223B109F50045FD34 /* IssueCollector.framework in Embed Frameworks */,
			);
			name = "Embed Frameworks";
			runOnlyForDeploymentPostprocessing = 0;
		};
/* End PBXCopyFilesBuildPhase section */

/* Begin PBXFileReference section */
		00654F3EBC195F1130347348 /* Pods-IssueCollector.debug.xcconfig */ = {isa = PBXFileReference; includeInIndex = 1; lastKnownFileType = text.xcconfig; name = "Pods-IssueCollector.debug.xcconfig"; path = "Target Support Files/Pods-IssueCollector/Pods-IssueCollector.debug.xcconfig"; sourceTree = "<group>"; };
		25A79BCE01557911FA272351 /* libPods-IssueCollectorExample.a */ = {isa = PBXFileReference; explicitFileType = archive.ar; includeInIndex = 0; path = "libPods-IssueCollectorExample.a"; sourceTree = BUILT_PRODUCTS_DIR; };
		4E40213E67DCA8315C774539 /* Pods-IssueCollectorExampleiOS12.release.xcconfig */ = {isa = PBXFileReference; includeInIndex = 1; lastKnownFileType = text.xcconfig; name = "Pods-IssueCollectorExampleiOS12.release.xcconfig"; path = "Target Support Files/Pods-IssueCollectorExampleiOS12/Pods-IssueCollectorExampleiOS12.release.xcconfig"; sourceTree = "<group>"; };
		7C4DC3AF23CC9C08000C24F5 /* IssueCollectorExampleiOS12.app */ = {isa = PBXFileReference; explicitFileType = wrapper.application; includeInIndex = 0; path = IssueCollectorExampleiOS12.app; sourceTree = BUILT_PRODUCTS_DIR; };
		7C4DC3B123CC9C08000C24F5 /* AppDelegate.swift */ = {isa = PBXFileReference; lastKnownFileType = sourcecode.swift; path = AppDelegate.swift; sourceTree = "<group>"; };
		7C4DC3B523CC9C08000C24F5 /* ViewController.swift */ = {isa = PBXFileReference; lastKnownFileType = sourcecode.swift; path = ViewController.swift; sourceTree = "<group>"; };
		7C4DC3B823CC9C08000C24F5 /* Base */ = {isa = PBXFileReference; lastKnownFileType = file.storyboard; name = Base; path = Base.lproj/Main.storyboard; sourceTree = "<group>"; };
		7C4DC3BA23CC9C09000C24F5 /* Assets.xcassets */ = {isa = PBXFileReference; lastKnownFileType = folder.assetcatalog; path = Assets.xcassets; sourceTree = "<group>"; };
		7C4DC3BD23CC9C09000C24F5 /* Base */ = {isa = PBXFileReference; lastKnownFileType = file.storyboard; name = Base; path = Base.lproj/LaunchScreen.storyboard; sourceTree = "<group>"; };
		7C4DC3BF23CC9C09000C24F5 /* Info.plist */ = {isa = PBXFileReference; lastKnownFileType = text.plist.xml; path = Info.plist; sourceTree = "<group>"; };
		7C8C8F3D23CCBA9D0005B731 /* FieldsResponse.swift */ = {isa = PBXFileReference; lastKnownFileType = sourcecode.swift; path = FieldsResponse.swift; sourceTree = "<group>"; };
		912FC42523B22DCB0056C758 /* Alamofire.framework */ = {isa = PBXFileReference; explicitFileType = wrapper.framework; path = Alamofire.framework; sourceTree = BUILT_PRODUCTS_DIR; };
		912FC42723B22DE50056C758 /* Moya.framework */ = {isa = PBXFileReference; explicitFileType = wrapper.framework; path = Moya.framework; sourceTree = BUILT_PRODUCTS_DIR; };
		912FC42923B236D10056C758 /* SettingsViewModel.swift */ = {isa = PBXFileReference; lastKnownFileType = sourcecode.swift; path = SettingsViewModel.swift; sourceTree = "<group>"; };
		9131090223B2573B00D794D6 /* PickerRowView.xib */ = {isa = PBXFileReference; lastKnownFileType = file.xib; path = PickerRowView.xib; sourceTree = "<group>"; };
		9131090423B25B7900D794D6 /* PickerRowView.swift */ = {isa = PBXFileReference; lastKnownFileType = sourcecode.swift; path = PickerRowView.swift; sourceTree = "<group>"; };
		9131090623B25BC700D794D6 /* XibConnected.swift */ = {isa = PBXFileReference; fileEncoding = 4; lastKnownFileType = sourcecode.swift; path = XibConnected.swift; sourceTree = "<group>"; };
		914D1E1523C78D44009D8DF3 /* b2.png */ = {isa = PBXFileReference; lastKnownFileType = image.png; path = b2.png; sourceTree = "<group>"; };
		914D1E1723C78DC6009D8DF3 /* zizou.png */ = {isa = PBXFileReference; lastKnownFileType = image.png; path = zizou.png; sourceTree = "<group>"; };
		91653F2523B10F2A00D4BF0F /* UIView + asImage.swift */ = {isa = PBXFileReference; lastKnownFileType = sourcecode.swift; path = "UIView + asImage.swift"; sourceTree = "<group>"; };
		91653F2A23B1105E00D4BF0F /* Details.storyboard */ = {isa = PBXFileReference; lastKnownFileType = file.storyboard; path = Details.storyboard; sourceTree = "<group>"; };
		91653F2D23B1129100D4BF0F /* DetailsViewController.swift */ = {isa = PBXFileReference; fileEncoding = 4; lastKnownFileType = sourcecode.swift; path = DetailsViewController.swift; sourceTree = "<group>"; };
		91653F3123B11DB200D4BF0F /* SettingsViewController.swift */ = {isa = PBXFileReference; lastKnownFileType = sourcecode.swift; path = SettingsViewController.swift; sourceTree = "<group>"; };
		91653F3523B12AA700D4BF0F /* Projects.swift */ = {isa = PBXFileReference; lastKnownFileType = sourcecode.swift; path = Projects.swift; sourceTree = "<group>"; };
		91653F3823B12C7200D4BF0F /* ProjectsResponse.swift */ = {isa = PBXFileReference; lastKnownFileType = sourcecode.swift; path = ProjectsResponse.swift; sourceTree = "<group>"; };
		9167CABD23B2704B00EA9763 /* CustomPickerView.xib */ = {isa = PBXFileReference; lastKnownFileType = file.xib; path = CustomPickerView.xib; sourceTree = "<group>"; };
		9167CABF23B270E000EA9763 /* CustomPickerView.swift */ = {isa = PBXFileReference; fileEncoding = 4; lastKnownFileType = sourcecode.swift; path = CustomPickerView.swift; sourceTree = "<group>"; };
		9182435223BE2F0200BA97FB /* ProjectDetails.swift */ = {isa = PBXFileReference; lastKnownFileType = sourcecode.swift; path = ProjectDetails.swift; sourceTree = "<group>"; };
		9182435423BE320200BA97FB /* ReportIssueViewModel.swift */ = {isa = PBXFileReference; lastKnownFileType = sourcecode.swift; path = ReportIssueViewModel.swift; sourceTree = "<group>"; };
		9182435623BE431100BA97FB /* CreateIssueRequest.swift */ = {isa = PBXFileReference; lastKnownFileType = sourcecode.swift; path = CreateIssueRequest.swift; sourceTree = "<group>"; };
		9182435923BE49EF00BA97FB /* CreateIssueResponse.swift */ = {isa = PBXFileReference; lastKnownFileType = sourcecode.swift; path = CreateIssueResponse.swift; sourceTree = "<group>"; };
		9182435B23BE5C2300BA97FB /* AttachmentResponse.swift */ = {isa = PBXFileReference; lastKnownFileType = sourcecode.swift; path = AttachmentResponse.swift; sourceTree = "<group>"; };
		91A39E7D23C478F700EF5AF7 /* KeyChain.swift */ = {isa = PBXFileReference; lastKnownFileType = sourcecode.swift; path = KeyChain.swift; sourceTree = "<group>"; };
		91A39E7F23C489BF00EF5AF7 /* DetailsViewModel.swift */ = {isa = PBXFileReference; lastKnownFileType = sourcecode.swift; path = DetailsViewModel.swift; sourceTree = "<group>"; };
		91A39E8123C4A6BD00EF5AF7 /* UserResponse.swift */ = {isa = PBXFileReference; lastKnownFileType = sourcecode.swift; path = UserResponse.swift; sourceTree = "<group>"; };
		91A39E8323C4E8A800EF5AF7 /* String + BulletPoint.swift */ = {isa = PBXFileReference; lastKnownFileType = sourcecode.swift; path = "String + BulletPoint.swift"; sourceTree = "<group>"; };
		91AAA8BC23BE01C30063BE08 /* JiraProvider.swift */ = {isa = PBXFileReference; lastKnownFileType = sourcecode.swift; path = JiraProvider.swift; sourceTree = "<group>"; };
		91AAA8BE23BE02720063BE08 /* NukeImageLoader.swift */ = {isa = PBXFileReference; lastKnownFileType = sourcecode.swift; path = NukeImageLoader.swift; sourceTree = "<group>"; };
		91AAA8C123BE066B0063BE08 /* UIViewController + Alert.swift */ = {isa = PBXFileReference; lastKnownFileType = sourcecode.swift; path = "UIViewController + Alert.swift"; sourceTree = "<group>"; };
		91AAA8C323BE1EC30063BE08 /* ReportIssueViewController.swift */ = {isa = PBXFileReference; lastKnownFileType = sourcecode.swift; path = ReportIssueViewController.swift; sourceTree = "<group>"; };
		91B7974023B0E6350038CE25 /* IssueCollector.framework */ = {isa = PBXFileReference; explicitFileType = wrapper.framework; includeInIndex = 0; path = IssueCollector.framework; sourceTree = BUILT_PRODUCTS_DIR; };
		91B7974323B0E6350038CE25 /* IssueCollector.h */ = {isa = PBXFileReference; lastKnownFileType = sourcecode.c.h; path = IssueCollector.h; sourceTree = "<group>"; };
		91B7974423B0E6350038CE25 /* Info.plist */ = {isa = PBXFileReference; lastKnownFileType = text.plist.xml; path = Info.plist; sourceTree = "<group>"; };
		91B7974F23B0E6470038CE25 /* IssueCollectorExample.app */ = {isa = PBXFileReference; explicitFileType = wrapper.application; includeInIndex = 0; path = IssueCollectorExample.app; sourceTree = BUILT_PRODUCTS_DIR; };
		91B7975123B0E6470038CE25 /* AppDelegate.swift */ = {isa = PBXFileReference; lastKnownFileType = sourcecode.swift; path = AppDelegate.swift; sourceTree = "<group>"; };
		91B7975323B0E6470038CE25 /* SceneDelegate.swift */ = {isa = PBXFileReference; lastKnownFileType = sourcecode.swift; path = SceneDelegate.swift; sourceTree = "<group>"; };
		91B7975523B0E6470038CE25 /* ContentView.swift */ = {isa = PBXFileReference; lastKnownFileType = sourcecode.swift; path = ContentView.swift; sourceTree = "<group>"; };
		91B7975723B0E6470038CE25 /* Assets.xcassets */ = {isa = PBXFileReference; lastKnownFileType = folder.assetcatalog; path = Assets.xcassets; sourceTree = "<group>"; };
		91B7975A23B0E6470038CE25 /* Preview Assets.xcassets */ = {isa = PBXFileReference; lastKnownFileType = folder.assetcatalog; path = "Preview Assets.xcassets"; sourceTree = "<group>"; };
		91B7975D23B0E6470038CE25 /* Base */ = {isa = PBXFileReference; lastKnownFileType = file.storyboard; name = Base; path = Base.lproj/LaunchScreen.storyboard; sourceTree = "<group>"; };
		91B7975F23B0E6470038CE25 /* Info.plist */ = {isa = PBXFileReference; lastKnownFileType = text.plist.xml; path = Info.plist; sourceTree = "<group>"; };
		91B7976323B0E7FD0038CE25 /* IssueCollector.swift */ = {isa = PBXFileReference; lastKnownFileType = sourcecode.swift; path = IssueCollector.swift; sourceTree = "<group>"; };
		91D38E1123C39C2500EA8450 /* LoginViewController.swift */ = {isa = PBXFileReference; lastKnownFileType = sourcecode.swift; path = LoginViewController.swift; sourceTree = "<group>"; };
		91D38E1323C39F9600EA8450 /* URL + query.swift */ = {isa = PBXFileReference; lastKnownFileType = sourcecode.swift; path = "URL + query.swift"; sourceTree = "<group>"; };
		91D38E1523C3A15F00EA8450 /* LoginRequest.swift */ = {isa = PBXFileReference; lastKnownFileType = sourcecode.swift; path = LoginRequest.swift; sourceTree = "<group>"; };
		91D38E1723C3A3F400EA8450 /* LoginResponse.swift */ = {isa = PBXFileReference; lastKnownFileType = sourcecode.swift; path = LoginResponse.swift; sourceTree = "<group>"; };
		91FA873B23BF42BC00D8A2CC /* StopRecordingView.swift */ = {isa = PBXFileReference; lastKnownFileType = sourcecode.swift; path = StopRecordingView.swift; sourceTree = "<group>"; };
		91FA873D23BF42FB00D8A2CC /* StopRecordingView.xib */ = {isa = PBXFileReference; lastKnownFileType = file.xib; path = StopRecordingView.xib; sourceTree = "<group>"; };
		91FA874023BF515000D8A2CC /* PreviewView.swift */ = {isa = PBXFileReference; lastKnownFileType = sourcecode.swift; path = PreviewView.swift; sourceTree = "<group>"; };
		91FA874223BF6C5B00D8A2CC /* PreviewView.xib */ = {isa = PBXFileReference; lastKnownFileType = file.xib; path = PreviewView.xib; sourceTree = "<group>"; };
		91FA874523BF70DB00D8A2CC /* ConfettiManager.swift */ = {isa = PBXFileReference; lastKnownFileType = sourcecode.swift; path = ConfettiManager.swift; sourceTree = "<group>"; };
		91FA874823BF719500D8A2CC /* triangle.png */ = {isa = PBXFileReference; lastKnownFileType = image.png; path = triangle.png; sourceTree = "<group>"; };
		91FA874923BF719500D8A2CC /* confetti.png */ = {isa = PBXFileReference; lastKnownFileType = image.png; path = confetti.png; sourceTree = "<group>"; };
		91FA874A23BF719600D8A2CC /* diamond.png */ = {isa = PBXFileReference; lastKnownFileType = image.png; path = diamond.png; sourceTree = "<group>"; };
		91FA874B23BF719600D8A2CC /* star.png */ = {isa = PBXFileReference; lastKnownFileType = image.png; path = star.png; sourceTree = "<group>"; };
		91FA875423BF77BD00D8A2CC /* taha.png */ = {isa = PBXFileReference; lastKnownFileType = image.png; path = taha.png; sourceTree = "<group>"; };
		91FA875A23BF7BBC00D8A2CC /* DefaultManager.swift */ = {isa = PBXFileReference; lastKnownFileType = sourcecode.swift; path = DefaultManager.swift; sourceTree = "<group>"; };
		91FA875E23BF7D8E00D8A2CC /* ConfettiContainerView.swift */ = {isa = PBXFileReference; lastKnownFileType = sourcecode.swift; path = ConfettiContainerView.swift; sourceTree = "<group>"; };
		91FA876023BF7DA100D8A2CC /* ConfettiContainerView.xib */ = {isa = PBXFileReference; lastKnownFileType = file.xib; path = ConfettiContainerView.xib; sourceTree = "<group>"; };
		91FA876323BF82F900D8A2CC /* ButtonDoneRight.swift */ = {isa = PBXFileReference; fileEncoding = 4; lastKnownFileType = sourcecode.swift; path = ButtonDoneRight.swift; sourceTree = "<group>"; };
		95646BFBCA2B7BE9686296A2 /* Pods-IssueCollectorIOS12.debug.xcconfig */ = {isa = PBXFileReference; includeInIndex = 1; lastKnownFileType = text.xcconfig; name = "Pods-IssueCollectorIOS12.debug.xcconfig"; path = "Target Support Files/Pods-IssueCollectorIOS12/Pods-IssueCollectorIOS12.debug.xcconfig"; sourceTree = "<group>"; };
		A445CB932C659DE72F6F47AA /* Pods-IssueCollectorExample.release.xcconfig */ = {isa = PBXFileReference; includeInIndex = 1; lastKnownFileType = text.xcconfig; name = "Pods-IssueCollectorExample.release.xcconfig"; path = "Target Support Files/Pods-IssueCollectorExample/Pods-IssueCollectorExample.release.xcconfig"; sourceTree = "<group>"; };
		AD5F7D04F1B0F135A43086A8 /* Pods-IssueCollectorExampleiOS12.debug.xcconfig */ = {isa = PBXFileReference; includeInIndex = 1; lastKnownFileType = text.xcconfig; name = "Pods-IssueCollectorExampleiOS12.debug.xcconfig"; path = "Target Support Files/Pods-IssueCollectorExampleiOS12/Pods-IssueCollectorExampleiOS12.debug.xcconfig"; sourceTree = "<group>"; };
		AE4EA46BC96366F8B557BC63 /* libPods-IssueCollector.a */ = {isa = PBXFileReference; explicitFileType = archive.ar; includeInIndex = 0; path = "libPods-IssueCollector.a"; sourceTree = BUILT_PRODUCTS_DIR; };
		B9A28237192B0A7406004C7E /* Pods-IssueCollector.release.xcconfig */ = {isa = PBXFileReference; includeInIndex = 1; lastKnownFileType = text.xcconfig; name = "Pods-IssueCollector.release.xcconfig"; path = "Target Support Files/Pods-IssueCollector/Pods-IssueCollector.release.xcconfig"; sourceTree = "<group>"; };
		C785E8B4DFC2261DFF2DAE8A /* Pods-IssueCollectorExample.debug.xcconfig */ = {isa = PBXFileReference; includeInIndex = 1; lastKnownFileType = text.xcconfig; name = "Pods-IssueCollectorExample.debug.xcconfig"; path = "Target Support Files/Pods-IssueCollectorExample/Pods-IssueCollectorExample.debug.xcconfig"; sourceTree = "<group>"; };
		CA907B15EF1FE31A75EBCF47 /* libPods-IssueCollectorExampleiOS12.a */ = {isa = PBXFileReference; explicitFileType = archive.ar; includeInIndex = 0; path = "libPods-IssueCollectorExampleiOS12.a"; sourceTree = BUILT_PRODUCTS_DIR; };
		FAB64A54C3A88048AEAE0539 /* Pods-IssueCollectorIOS12.release.xcconfig */ = {isa = PBXFileReference; includeInIndex = 1; lastKnownFileType = text.xcconfig; name = "Pods-IssueCollectorIOS12.release.xcconfig"; path = "Target Support Files/Pods-IssueCollectorIOS12/Pods-IssueCollectorIOS12.release.xcconfig"; sourceTree = "<group>"; };
/* End PBXFileReference section */

/* Begin PBXFrameworksBuildPhase section */
		7C4DC3AC23CC9C08000C24F5 /* Frameworks */ = {
			isa = PBXFrameworksBuildPhase;
			buildActionMask = 2147483647;
			files = (
				7C4DC3C323CC9D60000C24F5 /* IssueCollector.framework in Frameworks */,
				BFD13739F9BB5DC001C67985 /* libPods-IssueCollectorExampleiOS12.a in Frameworks */,
			);
			runOnlyForDeploymentPostprocessing = 0;
		};
		91B7973D23B0E6350038CE25 /* Frameworks */ = {
			isa = PBXFrameworksBuildPhase;
			buildActionMask = 2147483647;
			files = (
				F10F67A08163EBF4E55DABDF /* libPods-IssueCollector.a in Frameworks */,
			);
			runOnlyForDeploymentPostprocessing = 0;
		};
		91B7974C23B0E6470038CE25 /* Frameworks */ = {
			isa = PBXFrameworksBuildPhase;
			buildActionMask = 2147483647;
			files = (
				4CEF37E5161E7896CCEDBF8B /* libPods-IssueCollectorExample.a in Frameworks */,
			);
			runOnlyForDeploymentPostprocessing = 0;
		};
/* End PBXFrameworksBuildPhase section */

/* Begin PBXGroup section */
		22784F37BE3EB9F44BE313EC /* Pods */ = {
			isa = PBXGroup;
			children = (
				00654F3EBC195F1130347348 /* Pods-IssueCollector.debug.xcconfig */,
				B9A28237192B0A7406004C7E /* Pods-IssueCollector.release.xcconfig */,
				C785E8B4DFC2261DFF2DAE8A /* Pods-IssueCollectorExample.debug.xcconfig */,
				A445CB932C659DE72F6F47AA /* Pods-IssueCollectorExample.release.xcconfig */,
				95646BFBCA2B7BE9686296A2 /* Pods-IssueCollectorIOS12.debug.xcconfig */,
				FAB64A54C3A88048AEAE0539 /* Pods-IssueCollectorIOS12.release.xcconfig */,
				AD5F7D04F1B0F135A43086A8 /* Pods-IssueCollectorExampleiOS12.debug.xcconfig */,
				4E40213E67DCA8315C774539 /* Pods-IssueCollectorExampleiOS12.release.xcconfig */,
			);
			path = Pods;
			sourceTree = "<group>";
		};
		540171C708E0AB07FFBB7F93 /* Frameworks */ = {
			isa = PBXGroup;
			children = (
				912FC42723B22DE50056C758 /* Moya.framework */,
				912FC42523B22DCB0056C758 /* Alamofire.framework */,
				AE4EA46BC96366F8B557BC63 /* libPods-IssueCollector.a */,
				25A79BCE01557911FA272351 /* libPods-IssueCollectorExample.a */,
				CA907B15EF1FE31A75EBCF47 /* libPods-IssueCollectorExampleiOS12.a */,
			);
			name = Frameworks;
			sourceTree = "<group>";
		};
		7C4DC3B023CC9C08000C24F5 /* IssueCollectorExampleiOS12 */ = {
			isa = PBXGroup;
			children = (
				7C4DC3B123CC9C08000C24F5 /* AppDelegate.swift */,
				7C4DC3B523CC9C08000C24F5 /* ViewController.swift */,
				7C4DC3B723CC9C08000C24F5 /* Main.storyboard */,
				7C4DC3BA23CC9C09000C24F5 /* Assets.xcassets */,
				7C4DC3BC23CC9C09000C24F5 /* LaunchScreen.storyboard */,
				7C4DC3BF23CC9C09000C24F5 /* Info.plist */,
			);
			path = IssueCollectorExampleiOS12;
			sourceTree = "<group>";
		};
		9131090123B2572400D794D6 /* Views */ = {
			isa = PBXGroup;
			children = (
				91FA876323BF82F900D8A2CC /* ButtonDoneRight.swift */,
				9167CABC23B2703A00EA9763 /* CustomPickerView */,
				91FA873F23BF42FE00D8A2CC /* StopRecordingView */,
				91FA874423BF6C6100D8A2CC /* PreviewView */,
				91FA876223BF7DA600D8A2CC /* ConfettiView */,
				91D38E1123C39C2500EA8450 /* LoginViewController.swift */,
			);
			path = Views;
			sourceTree = "<group>";
		};
		91653F2723B10F3100D4BF0F /* Utils */ = {
			isa = PBXGroup;
			children = (
				9131090623B25BC700D794D6 /* XibConnected.swift */,
				91653F2523B10F2A00D4BF0F /* UIView + asImage.swift */,
				91AAA8C123BE066B0063BE08 /* UIViewController + Alert.swift */,
				91D38E1323C39F9600EA8450 /* URL + query.swift */,
				91A39E8323C4E8A800EF5AF7 /* String + BulletPoint.swift */,
			);
			path = Utils;
			sourceTree = "<group>";
		};
		91653F2C23B1106A00D4BF0F /* Scenes */ = {
			isa = PBXGroup;
			children = (
				91653F2A23B1105E00D4BF0F /* Details.storyboard */,
				91653F3023B11D9A00D4BF0F /* Settings */,
				91653F2F23B11D9300D4BF0F /* Details */,
				91AAA8C523BE1EC70063BE08 /* ReportIssue */,
			);
			path = Scenes;
			sourceTree = "<group>";
		};
		91653F2F23B11D9300D4BF0F /* Details */ = {
			isa = PBXGroup;
			children = (
				91653F2D23B1129100D4BF0F /* DetailsViewController.swift */,
				91A39E7F23C489BF00EF5AF7 /* DetailsViewModel.swift */,
			);
			path = Details;
			sourceTree = "<group>";
		};
		91653F3023B11D9A00D4BF0F /* Settings */ = {
			isa = PBXGroup;
			children = (
				91653F3123B11DB200D4BF0F /* SettingsViewController.swift */,
				912FC42923B236D10056C758 /* SettingsViewModel.swift */,
			);
			path = Settings;
			sourceTree = "<group>";
		};
		91653F3323B1204A00D4BF0F /* Network */ = {
			isa = PBXGroup;
			children = (
				91653F3423B1206700D4BF0F /* Targets */,
			);
			path = Network;
			sourceTree = "<group>";
		};
		91653F3423B1206700D4BF0F /* Targets */ = {
			isa = PBXGroup;
			children = (
				91653F3723B12C6500D4BF0F /* Response */,
				9182435823BE48DE00BA97FB /* Requests */,
				91653F3523B12AA700D4BF0F /* Projects.swift */,
			);
			path = Targets;
			sourceTree = "<group>";
		};
		91653F3723B12C6500D4BF0F /* Response */ = {
			isa = PBXGroup;
			children = (
				91653F3823B12C7200D4BF0F /* ProjectsResponse.swift */,
				9182435223BE2F0200BA97FB /* ProjectDetails.swift */,
				9182435923BE49EF00BA97FB /* CreateIssueResponse.swift */,
				9182435B23BE5C2300BA97FB /* AttachmentResponse.swift */,
				91D38E1723C3A3F400EA8450 /* LoginResponse.swift */,
				91A39E8123C4A6BD00EF5AF7 /* UserResponse.swift */,
				7C8C8F3D23CCBA9D0005B731 /* FieldsResponse.swift */,
			);
			path = Response;
			sourceTree = "<group>";
		};
		9167CAB923B26D2B00EA9763 /* PickerViewRow */ = {
			isa = PBXGroup;
			children = (
				9131090223B2573B00D794D6 /* PickerRowView.xib */,
				9131090423B25B7900D794D6 /* PickerRowView.swift */,
			);
			path = PickerViewRow;
			sourceTree = "<group>";
		};
		9167CABC23B2703A00EA9763 /* CustomPickerView */ = {
			isa = PBXGroup;
			children = (
				9167CAB923B26D2B00EA9763 /* PickerViewRow */,
				9167CABF23B270E000EA9763 /* CustomPickerView.swift */,
				9167CABD23B2704B00EA9763 /* CustomPickerView.xib */,
			);
			path = CustomPickerView;
			sourceTree = "<group>";
		};
		9182435823BE48DE00BA97FB /* Requests */ = {
			isa = PBXGroup;
			children = (
				9182435623BE431100BA97FB /* CreateIssueRequest.swift */,
				91D38E1523C3A15F00EA8450 /* LoginRequest.swift */,
			);
			path = Requests;
			sourceTree = "<group>";
		};
		91AAA8C023BE02780063BE08 /* Managers */ = {
			isa = PBXGroup;
			children = (
				91AAA8BC23BE01C30063BE08 /* JiraProvider.swift */,
				91AAA8BE23BE02720063BE08 /* NukeImageLoader.swift */,
				91FA874523BF70DB00D8A2CC /* ConfettiManager.swift */,
				91FA875A23BF7BBC00D8A2CC /* DefaultManager.swift */,
				91A39E7D23C478F700EF5AF7 /* KeyChain.swift */,
			);
			path = Managers;
			sourceTree = "<group>";
		};
		91AAA8C523BE1EC70063BE08 /* ReportIssue */ = {
			isa = PBXGroup;
			children = (
				91AAA8C323BE1EC30063BE08 /* ReportIssueViewController.swift */,
				9182435423BE320200BA97FB /* ReportIssueViewModel.swift */,
			);
			path = ReportIssue;
			sourceTree = "<group>";
		};
		91B7973623B0E6350038CE25 = {
			isa = PBXGroup;
			children = (
				91B7974223B0E6350038CE25 /* IssueCollector */,
				91B7975023B0E6470038CE25 /* IssueCollectorExample */,
				7C4DC3B023CC9C08000C24F5 /* IssueCollectorExampleiOS12 */,
				91B7974123B0E6350038CE25 /* Products */,
				22784F37BE3EB9F44BE313EC /* Pods */,
				540171C708E0AB07FFBB7F93 /* Frameworks */,
			);
			sourceTree = "<group>";
		};
		91B7974123B0E6350038CE25 /* Products */ = {
			isa = PBXGroup;
			children = (
				91B7974023B0E6350038CE25 /* IssueCollector.framework */,
				91B7974F23B0E6470038CE25 /* IssueCollectorExample.app */,
				7C4DC3AF23CC9C08000C24F5 /* IssueCollectorExampleiOS12.app */,
			);
			name = Products;
			sourceTree = "<group>";
		};
		91B7974223B0E6350038CE25 /* IssueCollector */ = {
			isa = PBXGroup;
			children = (
				91FA874723BF718400D8A2CC /* Asset */,
				91B7974323B0E6350038CE25 /* IssueCollector.h */,
				91B7974423B0E6350038CE25 /* Info.plist */,
				91B7976323B0E7FD0038CE25 /* IssueCollector.swift */,
				9131090123B2572400D794D6 /* Views */,
				91653F2723B10F3100D4BF0F /* Utils */,
				91653F3323B1204A00D4BF0F /* Network */,
				91653F2C23B1106A00D4BF0F /* Scenes */,
				91AAA8C023BE02780063BE08 /* Managers */,
			);
			path = IssueCollector;
			sourceTree = "<group>";
		};
		91B7975023B0E6470038CE25 /* IssueCollectorExample */ = {
			isa = PBXGroup;
			children = (
				91B7975123B0E6470038CE25 /* AppDelegate.swift */,
				91B7975323B0E6470038CE25 /* SceneDelegate.swift */,
				91B7975523B0E6470038CE25 /* ContentView.swift */,
				91B7975723B0E6470038CE25 /* Assets.xcassets */,
				91B7975C23B0E6470038CE25 /* LaunchScreen.storyboard */,
				91B7975F23B0E6470038CE25 /* Info.plist */,
				91B7975923B0E6470038CE25 /* Preview Content */,
			);
			path = IssueCollectorExample;
			sourceTree = "<group>";
		};
		91B7975923B0E6470038CE25 /* Preview Content */ = {
			isa = PBXGroup;
			children = (
				91B7975A23B0E6470038CE25 /* Preview Assets.xcassets */,
			);
			path = "Preview Content";
			sourceTree = "<group>";
		};
		91FA873F23BF42FE00D8A2CC /* StopRecordingView */ = {
			isa = PBXGroup;
			children = (
				91FA873B23BF42BC00D8A2CC /* StopRecordingView.swift */,
				91FA873D23BF42FB00D8A2CC /* StopRecordingView.xib */,
			);
			path = StopRecordingView;
			sourceTree = "<group>";
		};
		91FA874423BF6C6100D8A2CC /* PreviewView */ = {
			isa = PBXGroup;
			children = (
				91FA874023BF515000D8A2CC /* PreviewView.swift */,
				91FA874223BF6C5B00D8A2CC /* PreviewView.xib */,
			);
			path = PreviewView;
			sourceTree = "<group>";
		};
		91FA874723BF718400D8A2CC /* Asset */ = {
			isa = PBXGroup;
			children = (
				91FA874923BF719500D8A2CC /* confetti.png */,
				91FA874A23BF719600D8A2CC /* diamond.png */,
				91FA874B23BF719600D8A2CC /* star.png */,
				91FA875423BF77BD00D8A2CC /* taha.png */,
				914D1E1523C78D44009D8DF3 /* b2.png */,
				91FA874823BF719500D8A2CC /* triangle.png */,
				914D1E1723C78DC6009D8DF3 /* zizou.png */,
			);
			path = Asset;
			sourceTree = "<group>";
		};
		91FA876223BF7DA600D8A2CC /* ConfettiView */ = {
			isa = PBXGroup;
			children = (
				91FA875E23BF7D8E00D8A2CC /* ConfettiContainerView.swift */,
				91FA876023BF7DA100D8A2CC /* ConfettiContainerView.xib */,
			);
			path = ConfettiView;
			sourceTree = "<group>";
		};
/* End PBXGroup section */

/* Begin PBXHeadersBuildPhase section */
		91B7973B23B0E6350038CE25 /* Headers */ = {
			isa = PBXHeadersBuildPhase;
			buildActionMask = 2147483647;
			files = (
				91B7974523B0E6350038CE25 /* IssueCollector.h in Headers */,
			);
			runOnlyForDeploymentPostprocessing = 0;
		};
/* End PBXHeadersBuildPhase section */

/* Begin PBXNativeTarget section */
		7C4DC3AE23CC9C08000C24F5 /* IssueCollectorExampleiOS12 */ = {
			isa = PBXNativeTarget;
			buildConfigurationList = 7C4DC3C023CC9C09000C24F5 /* Build configuration list for PBXNativeTarget "IssueCollectorExampleiOS12" */;
			buildPhases = (
				D7D55042ECB5C2899F6E8E04 /* [CP] Check Pods Manifest.lock */,
				7C4DC3AB23CC9C08000C24F5 /* Sources */,
				7C4DC3AC23CC9C08000C24F5 /* Frameworks */,
				7C4DC3AD23CC9C08000C24F5 /* Resources */,
				7C4DC3C723CC9D60000C24F5 /* Embed Frameworks */,
				4F87A67480955707B42D30B0 /* [CP] Copy Pods Resources */,
			);
			buildRules = (
			);
			dependencies = (
				7C4DC3C623CC9D60000C24F5 /* PBXTargetDependency */,
			);
			name = IssueCollectorExampleiOS12;
			productName = IssueCollectorExampleiOS12;
			productReference = 7C4DC3AF23CC9C08000C24F5 /* IssueCollectorExampleiOS12.app */;
			productType = "com.apple.product-type.application";
		};
		91B7973F23B0E6350038CE25 /* IssueCollector */ = {
			isa = PBXNativeTarget;
			buildConfigurationList = 91B7974823B0E6350038CE25 /* Build configuration list for PBXNativeTarget "IssueCollector" */;
			buildPhases = (
				7992E4BB3303F5F56089BC2E /* [CP] Check Pods Manifest.lock */,
				91B7973B23B0E6350038CE25 /* Headers */,
				91B7973C23B0E6350038CE25 /* Sources */,
				91B7973D23B0E6350038CE25 /* Frameworks */,
				91B7973E23B0E6350038CE25 /* Resources */,
				BF5534559E45D6C3F0F97C0F /* [CP] Copy Pods Resources */,
			);
			buildRules = (
			);
			dependencies = (
			);
			name = IssueCollector;
			productName = IssueCollector;
			productReference = 91B7974023B0E6350038CE25 /* IssueCollector.framework */;
			productType = "com.apple.product-type.framework";
		};
		91B7974E23B0E6470038CE25 /* IssueCollectorExample */ = {
			isa = PBXNativeTarget;
			buildConfigurationList = 91B7976023B0E6470038CE25 /* Build configuration list for PBXNativeTarget "IssueCollectorExample" */;
			buildPhases = (
				E5E9785031C3E24EAEF52F74 /* [CP] Check Pods Manifest.lock */,
				91B7974B23B0E6470038CE25 /* Sources */,
				91B7974C23B0E6470038CE25 /* Frameworks */,
				91B7974D23B0E6470038CE25 /* Resources */,
				91D3307123B109E60045FD34 /* Embed Frameworks */,
				7A385A1C6358EC40CE502F1A /* [CP] Copy Pods Resources */,
			);
			buildRules = (
			);
			dependencies = (
				912FC42423B22DB30056C758 /* PBXTargetDependency */,
			);
			name = IssueCollectorExample;
			productName = IssueCollectorExample;
			productReference = 91B7974F23B0E6470038CE25 /* IssueCollectorExample.app */;
			productType = "com.apple.product-type.application";
		};
/* End PBXNativeTarget section */

/* Begin PBXProject section */
		91B7973723B0E6350038CE25 /* Project object */ = {
			isa = PBXProject;
			attributes = {
				LastSwiftUpdateCheck = 1130;
				LastUpgradeCheck = 1120;
				ORGANIZATIONNAME = "Suhaib Al Saghir";
				TargetAttributes = {
					7C4DC3AE23CC9C08000C24F5 = {
						CreatedOnToolsVersion = 11.3;
					};
					91B7973F23B0E6350038CE25 = {
						CreatedOnToolsVersion = 11.2.1;
						LastSwiftMigration = 1120;
					};
					91B7974E23B0E6470038CE25 = {
						CreatedOnToolsVersion = 11.2.1;
					};
				};
			};
			buildConfigurationList = 91B7973A23B0E6350038CE25 /* Build configuration list for PBXProject "IssueCollector" */;
			compatibilityVersion = "Xcode 9.3";
			developmentRegion = en;
			hasScannedForEncodings = 0;
			knownRegions = (
				en,
				Base,
			);
			mainGroup = 91B7973623B0E6350038CE25;
			productRefGroup = 91B7974123B0E6350038CE25 /* Products */;
			projectDirPath = "";
			projectRoot = "";
			targets = (
				91B7973F23B0E6350038CE25 /* IssueCollector */,
				91B7974E23B0E6470038CE25 /* IssueCollectorExample */,
				7C4DC3AE23CC9C08000C24F5 /* IssueCollectorExampleiOS12 */,
			);
		};
/* End PBXProject section */

/* Begin PBXResourcesBuildPhase section */
		7C4DC3AD23CC9C08000C24F5 /* Resources */ = {
			isa = PBXResourcesBuildPhase;
			buildActionMask = 2147483647;
			files = (
				7C4DC3BE23CC9C09000C24F5 /* LaunchScreen.storyboard in Resources */,
				7C4DC3BB23CC9C09000C24F5 /* Assets.xcassets in Resources */,
				7C4DC3B923CC9C08000C24F5 /* Main.storyboard in Resources */,
			);
			runOnlyForDeploymentPostprocessing = 0;
		};
		91B7973E23B0E6350038CE25 /* Resources */ = {
			isa = PBXResourcesBuildPhase;
			buildActionMask = 2147483647;
			files = (
				914D1E1623C78D44009D8DF3 /* b2.png in Resources */,
				914D1E1823C78DC6009D8DF3 /* zizou.png in Resources */,
				91653F2B23B1105E00D4BF0F /* Details.storyboard in Resources */,
				91FA876123BF7DA100D8A2CC /* ConfettiContainerView.xib in Resources */,
				91FA875523BF77BD00D8A2CC /* taha.png in Resources */,
				91FA874F23BF719600D8A2CC /* star.png in Resources */,
				91FA873E23BF42FB00D8A2CC /* StopRecordingView.xib in Resources */,
				9167CABE23B2704B00EA9763 /* CustomPickerView.xib in Resources */,
				91FA874E23BF719600D8A2CC /* diamond.png in Resources */,
				91FA874D23BF719600D8A2CC /* confetti.png in Resources */,
				9131090323B2573B00D794D6 /* PickerRowView.xib in Resources */,
				91FA874C23BF719600D8A2CC /* triangle.png in Resources */,
				91FA874323BF6C5B00D8A2CC /* PreviewView.xib in Resources */,
			);
			runOnlyForDeploymentPostprocessing = 0;
		};
		91B7974D23B0E6470038CE25 /* Resources */ = {
			isa = PBXResourcesBuildPhase;
			buildActionMask = 2147483647;
			files = (
				91B7975E23B0E6470038CE25 /* LaunchScreen.storyboard in Resources */,
				91B7975B23B0E6470038CE25 /* Preview Assets.xcassets in Resources */,
				91B7975823B0E6470038CE25 /* Assets.xcassets in Resources */,
			);
			runOnlyForDeploymentPostprocessing = 0;
		};
/* End PBXResourcesBuildPhase section */

/* Begin PBXShellScriptBuildPhase section */
		4F87A67480955707B42D30B0 /* [CP] Copy Pods Resources */ = {
			isa = PBXShellScriptBuildPhase;
			buildActionMask = 2147483647;
			files = (
			);
			inputFileListPaths = (
				"${PODS_ROOT}/Target Support Files/Pods-IssueCollectorExampleiOS12/Pods-IssueCollectorExampleiOS12-resources-${CONFIGURATION}-input-files.xcfilelist",
			);
			name = "[CP] Copy Pods Resources";
			outputFileListPaths = (
				"${PODS_ROOT}/Target Support Files/Pods-IssueCollectorExampleiOS12/Pods-IssueCollectorExampleiOS12-resources-${CONFIGURATION}-output-files.xcfilelist",
			);
			runOnlyForDeploymentPostprocessing = 0;
			shellPath = /bin/sh;
			shellScript = "\"${PODS_ROOT}/Target Support Files/Pods-IssueCollectorExampleiOS12/Pods-IssueCollectorExampleiOS12-resources.sh\"\n";
			showEnvVarsInLog = 0;
		};
		7992E4BB3303F5F56089BC2E /* [CP] Check Pods Manifest.lock */ = {
			isa = PBXShellScriptBuildPhase;
			buildActionMask = 2147483647;
			files = (
			);
			inputFileListPaths = (
			);
			inputPaths = (
				"${PODS_PODFILE_DIR_PATH}/Podfile.lock",
				"${PODS_ROOT}/Manifest.lock",
			);
			name = "[CP] Check Pods Manifest.lock";
			outputFileListPaths = (
			);
			outputPaths = (
				"$(DERIVED_FILE_DIR)/Pods-IssueCollector-checkManifestLockResult.txt",
			);
			runOnlyForDeploymentPostprocessing = 0;
			shellPath = /bin/sh;
			shellScript = "diff \"${PODS_PODFILE_DIR_PATH}/Podfile.lock\" \"${PODS_ROOT}/Manifest.lock\" > /dev/null\nif [ $? != 0 ] ; then\n    # print error to STDERR\n    echo \"error: The sandbox is not in sync with the Podfile.lock. Run 'pod install' or update your CocoaPods installation.\" >&2\n    exit 1\nfi\n# This output is used by Xcode 'outputs' to avoid re-running this script phase.\necho \"SUCCESS\" > \"${SCRIPT_OUTPUT_FILE_0}\"\n";
			showEnvVarsInLog = 0;
		};
		7A385A1C6358EC40CE502F1A /* [CP] Copy Pods Resources */ = {
			isa = PBXShellScriptBuildPhase;
			buildActionMask = 2147483647;
			files = (
			);
			inputFileListPaths = (
				"${PODS_ROOT}/Target Support Files/Pods-IssueCollectorExample/Pods-IssueCollectorExample-resources-${CONFIGURATION}-input-files.xcfilelist",
			);
			name = "[CP] Copy Pods Resources";
			outputFileListPaths = (
				"${PODS_ROOT}/Target Support Files/Pods-IssueCollectorExample/Pods-IssueCollectorExample-resources-${CONFIGURATION}-output-files.xcfilelist",
			);
			runOnlyForDeploymentPostprocessing = 0;
			shellPath = /bin/sh;
			shellScript = "\"${PODS_ROOT}/Target Support Files/Pods-IssueCollectorExample/Pods-IssueCollectorExample-resources.sh\"\n";
			showEnvVarsInLog = 0;
		};
		BF5534559E45D6C3F0F97C0F /* [CP] Copy Pods Resources */ = {
			isa = PBXShellScriptBuildPhase;
			buildActionMask = 2147483647;
			files = (
			);
			inputFileListPaths = (
				"${PODS_ROOT}/Target Support Files/Pods-IssueCollector/Pods-IssueCollector-resources-${CONFIGURATION}-input-files.xcfilelist",
			);
			name = "[CP] Copy Pods Resources";
			outputFileListPaths = (
				"${PODS_ROOT}/Target Support Files/Pods-IssueCollector/Pods-IssueCollector-resources-${CONFIGURATION}-output-files.xcfilelist",
			);
			runOnlyForDeploymentPostprocessing = 0;
			shellPath = /bin/sh;
			shellScript = "\"${PODS_ROOT}/Target Support Files/Pods-IssueCollector/Pods-IssueCollector-resources.sh\"\n";
			showEnvVarsInLog = 0;
		};
		D7D55042ECB5C2899F6E8E04 /* [CP] Check Pods Manifest.lock */ = {
			isa = PBXShellScriptBuildPhase;
			buildActionMask = 2147483647;
			files = (
			);
			inputFileListPaths = (
			);
			inputPaths = (
				"${PODS_PODFILE_DIR_PATH}/Podfile.lock",
				"${PODS_ROOT}/Manifest.lock",
			);
			name = "[CP] Check Pods Manifest.lock";
			outputFileListPaths = (
			);
			outputPaths = (
				"$(DERIVED_FILE_DIR)/Pods-IssueCollectorExampleiOS12-checkManifestLockResult.txt",
			);
			runOnlyForDeploymentPostprocessing = 0;
			shellPath = /bin/sh;
			shellScript = "diff \"${PODS_PODFILE_DIR_PATH}/Podfile.lock\" \"${PODS_ROOT}/Manifest.lock\" > /dev/null\nif [ $? != 0 ] ; then\n    # print error to STDERR\n    echo \"error: The sandbox is not in sync with the Podfile.lock. Run 'pod install' or update your CocoaPods installation.\" >&2\n    exit 1\nfi\n# This output is used by Xcode 'outputs' to avoid re-running this script phase.\necho \"SUCCESS\" > \"${SCRIPT_OUTPUT_FILE_0}\"\n";
			showEnvVarsInLog = 0;
		};
		E5E9785031C3E24EAEF52F74 /* [CP] Check Pods Manifest.lock */ = {
			isa = PBXShellScriptBuildPhase;
			buildActionMask = 2147483647;
			files = (
			);
			inputFileListPaths = (
			);
			inputPaths = (
				"${PODS_PODFILE_DIR_PATH}/Podfile.lock",
				"${PODS_ROOT}/Manifest.lock",
			);
			name = "[CP] Check Pods Manifest.lock";
			outputFileListPaths = (
			);
			outputPaths = (
				"$(DERIVED_FILE_DIR)/Pods-IssueCollectorExample-checkManifestLockResult.txt",
			);
			runOnlyForDeploymentPostprocessing = 0;
			shellPath = /bin/sh;
			shellScript = "diff \"${PODS_PODFILE_DIR_PATH}/Podfile.lock\" \"${PODS_ROOT}/Manifest.lock\" > /dev/null\nif [ $? != 0 ] ; then\n    # print error to STDERR\n    echo \"error: The sandbox is not in sync with the Podfile.lock. Run 'pod install' or update your CocoaPods installation.\" >&2\n    exit 1\nfi\n# This output is used by Xcode 'outputs' to avoid re-running this script phase.\necho \"SUCCESS\" > \"${SCRIPT_OUTPUT_FILE_0}\"\n";
			showEnvVarsInLog = 0;
		};
/* End PBXShellScriptBuildPhase section */

/* Begin PBXSourcesBuildPhase section */
		7C4DC3AB23CC9C08000C24F5 /* Sources */ = {
			isa = PBXSourcesBuildPhase;
			buildActionMask = 2147483647;
			files = (
				7C4DC3B623CC9C08000C24F5 /* ViewController.swift in Sources */,
				7C4DC3B223CC9C08000C24F5 /* AppDelegate.swift in Sources */,
			);
			runOnlyForDeploymentPostprocessing = 0;
		};
		91B7973C23B0E6350038CE25 /* Sources */ = {
			isa = PBXSourcesBuildPhase;
			buildActionMask = 2147483647;
			files = (
				91653F3923B12C7200D4BF0F /* ProjectsResponse.swift in Sources */,
				91AAA8C223BE066B0063BE08 /* UIViewController + Alert.swift in Sources */,
				91FA874123BF515000D8A2CC /* PreviewView.swift in Sources */,
				9167CAC023B270E000EA9763 /* CustomPickerView.swift in Sources */,
				91AAA8BD23BE01C30063BE08 /* JiraProvider.swift in Sources */,
				91D38E1423C39F9600EA8450 /* URL + query.swift in Sources */,
				91FA875B23BF7BBC00D8A2CC /* DefaultManager.swift in Sources */,
				91A39E7E23C478F700EF5AF7 /* KeyChain.swift in Sources */,
				91D38E1823C3A3F400EA8450 /* LoginResponse.swift in Sources */,
				91AAA8C423BE1EC30063BE08 /* ReportIssueViewController.swift in Sources */,
				91653F2623B10F2A00D4BF0F /* UIView + asImage.swift in Sources */,
				9182435523BE320200BA97FB /* ReportIssueViewModel.swift in Sources */,
				91B7976423B0E7FD0038CE25 /* IssueCollector.swift in Sources */,
				91FA873C23BF42BC00D8A2CC /* StopRecordingView.swift in Sources */,
				91FA876423BF82F900D8A2CC /* ButtonDoneRight.swift in Sources */,
				91AAA8BF23BE02720063BE08 /* NukeImageLoader.swift in Sources */,
				91FA875F23BF7D8E00D8A2CC /* ConfettiContainerView.swift in Sources */,
				91653F3623B12AA700D4BF0F /* Projects.swift in Sources */,
				9182435A23BE49EF00BA97FB /* CreateIssueResponse.swift in Sources */,
				9182435C23BE5C2300BA97FB /* AttachmentResponse.swift in Sources */,
				91653F2E23B1129100D4BF0F /* DetailsViewController.swift in Sources */,
				91D38E1623C3A15F00EA8450 /* LoginRequest.swift in Sources */,
				9131090723B25BC700D794D6 /* XibConnected.swift in Sources */,
				91653F3223B11DB200D4BF0F /* SettingsViewController.swift in Sources */,
				91FA874623BF70DB00D8A2CC /* ConfettiManager.swift in Sources */,
				912FC42A23B236D10056C758 /* SettingsViewModel.swift in Sources */,
				91A39E8423C4E8A900EF5AF7 /* String + BulletPoint.swift in Sources */,
				9182435323BE2F0200BA97FB /* ProjectDetails.swift in Sources */,
				91A39E8223C4A6BD00EF5AF7 /* UserResponse.swift in Sources */,
				7C8C8F3E23CCBA9D0005B731 /* FieldsResponse.swift in Sources */,
				9131090523B25B7900D794D6 /* PickerRowView.swift in Sources */,
				91A39E8023C489BF00EF5AF7 /* DetailsViewModel.swift in Sources */,
				91D38E1223C39C2500EA8450 /* LoginViewController.swift in Sources */,
				9182435723BE431100BA97FB /* CreateIssueRequest.swift in Sources */,
			);
			runOnlyForDeploymentPostprocessing = 0;
		};
		91B7974B23B0E6470038CE25 /* Sources */ = {
			isa = PBXSourcesBuildPhase;
			buildActionMask = 2147483647;
			files = (
				91B7975223B0E6470038CE25 /* AppDelegate.swift in Sources */,
				91B7975423B0E6470038CE25 /* SceneDelegate.swift in Sources */,
				91B7975623B0E6470038CE25 /* ContentView.swift in Sources */,
			);
			runOnlyForDeploymentPostprocessing = 0;
		};
/* End PBXSourcesBuildPhase section */

/* Begin PBXTargetDependency section */
		7C4DC3C623CC9D60000C24F5 /* PBXTargetDependency */ = {
			isa = PBXTargetDependency;
			target = 91B7973F23B0E6350038CE25 /* IssueCollector */;
			targetProxy = 7C4DC3C523CC9D60000C24F5 /* PBXContainerItemProxy */;
		};
		912FC42423B22DB30056C758 /* PBXTargetDependency */ = {
			isa = PBXTargetDependency;
			target = 91B7973F23B0E6350038CE25 /* IssueCollector */;
			targetProxy = 912FC42323B22DB30056C758 /* PBXContainerItemProxy */;
		};
/* End PBXTargetDependency section */

/* Begin PBXVariantGroup section */
		7C4DC3B723CC9C08000C24F5 /* Main.storyboard */ = {
			isa = PBXVariantGroup;
			children = (
				7C4DC3B823CC9C08000C24F5 /* Base */,
			);
			name = Main.storyboard;
			sourceTree = "<group>";
		};
		7C4DC3BC23CC9C09000C24F5 /* LaunchScreen.storyboard */ = {
			isa = PBXVariantGroup;
			children = (
				7C4DC3BD23CC9C09000C24F5 /* Base */,
			);
			name = LaunchScreen.storyboard;
			sourceTree = "<group>";
		};
		91B7975C23B0E6470038CE25 /* LaunchScreen.storyboard */ = {
			isa = PBXVariantGroup;
			children = (
				91B7975D23B0E6470038CE25 /* Base */,
			);
			name = LaunchScreen.storyboard;
			sourceTree = "<group>";
		};
/* End PBXVariantGroup section */

/* Begin XCBuildConfiguration section */
		7C4DC3C123CC9C09000C24F5 /* Debug */ = {
			isa = XCBuildConfiguration;
			baseConfigurationReference = AD5F7D04F1B0F135A43086A8 /* Pods-IssueCollectorExampleiOS12.debug.xcconfig */;
			buildSettings = {
				ASSETCATALOG_COMPILER_APPICON_NAME = AppIcon;
				CODE_SIGN_STYLE = Automatic;
				DEVELOPMENT_TEAM = 75SMYU6JAM;
				INFOPLIST_FILE = IssueCollectorExampleiOS12/Info.plist;
				IPHONEOS_DEPLOYMENT_TARGET = 12.4;
				LD_RUNPATH_SEARCH_PATHS = (
					"$(inherited)",
					"@executable_path/Frameworks",
				);
				PRODUCT_BUNDLE_IDENTIFIER = com.dtt.IssueCollectorExampleiOS12;
				PRODUCT_NAME = "$(TARGET_NAME)";
				SWIFT_VERSION = 5.0;
				TARGETED_DEVICE_FAMILY = "1,2";
			};
			name = Debug;
		};
		7C4DC3C223CC9C09000C24F5 /* Release */ = {
			isa = XCBuildConfiguration;
			baseConfigurationReference = 4E40213E67DCA8315C774539 /* Pods-IssueCollectorExampleiOS12.release.xcconfig */;
			buildSettings = {
				ASSETCATALOG_COMPILER_APPICON_NAME = AppIcon;
				CODE_SIGN_STYLE = Automatic;
				DEVELOPMENT_TEAM = 75SMYU6JAM;
				INFOPLIST_FILE = IssueCollectorExampleiOS12/Info.plist;
				IPHONEOS_DEPLOYMENT_TARGET = 12.4;
				LD_RUNPATH_SEARCH_PATHS = (
					"$(inherited)",
					"@executable_path/Frameworks",
				);
				PRODUCT_BUNDLE_IDENTIFIER = com.dtt.IssueCollectorExampleiOS12;
				PRODUCT_NAME = "$(TARGET_NAME)";
				SWIFT_VERSION = 5.0;
				TARGETED_DEVICE_FAMILY = "1,2";
			};
			name = Release;
		};
		91B7974623B0E6350038CE25 /* Debug */ = {
			isa = XCBuildConfiguration;
			buildSettings = {
				ALWAYS_SEARCH_USER_PATHS = NO;
				CLANG_ANALYZER_NONNULL = YES;
				CLANG_ANALYZER_NUMBER_OBJECT_CONVERSION = YES_AGGRESSIVE;
				CLANG_CXX_LANGUAGE_STANDARD = "gnu++14";
				CLANG_CXX_LIBRARY = "libc++";
				CLANG_ENABLE_MODULES = YES;
				CLANG_ENABLE_OBJC_ARC = YES;
				CLANG_ENABLE_OBJC_WEAK = YES;
				CLANG_WARN_BLOCK_CAPTURE_AUTORELEASING = YES;
				CLANG_WARN_BOOL_CONVERSION = YES;
				CLANG_WARN_COMMA = YES;
				CLANG_WARN_CONSTANT_CONVERSION = YES;
				CLANG_WARN_DEPRECATED_OBJC_IMPLEMENTATIONS = YES;
				CLANG_WARN_DIRECT_OBJC_ISA_USAGE = YES_ERROR;
				CLANG_WARN_DOCUMENTATION_COMMENTS = YES;
				CLANG_WARN_EMPTY_BODY = YES;
				CLANG_WARN_ENUM_CONVERSION = YES;
				CLANG_WARN_INFINITE_RECURSION = YES;
				CLANG_WARN_INT_CONVERSION = YES;
				CLANG_WARN_NON_LITERAL_NULL_CONVERSION = YES;
				CLANG_WARN_OBJC_IMPLICIT_RETAIN_SELF = YES;
				CLANG_WARN_OBJC_LITERAL_CONVERSION = YES;
				CLANG_WARN_OBJC_ROOT_CLASS = YES_ERROR;
				CLANG_WARN_RANGE_LOOP_ANALYSIS = YES;
				CLANG_WARN_STRICT_PROTOTYPES = YES;
				CLANG_WARN_SUSPICIOUS_MOVE = YES;
				CLANG_WARN_UNGUARDED_AVAILABILITY = YES_AGGRESSIVE;
				CLANG_WARN_UNREACHABLE_CODE = YES;
				CLANG_WARN__DUPLICATE_METHOD_MATCH = YES;
				COPY_PHASE_STRIP = NO;
				CURRENT_PROJECT_VERSION = 1;
				DEBUG_INFORMATION_FORMAT = dwarf;
				ENABLE_STRICT_OBJC_MSGSEND = YES;
				ENABLE_TESTABILITY = YES;
				GCC_C_LANGUAGE_STANDARD = gnu11;
				GCC_DYNAMIC_NO_PIC = NO;
				GCC_NO_COMMON_BLOCKS = YES;
				GCC_OPTIMIZATION_LEVEL = 0;
				GCC_PREPROCESSOR_DEFINITIONS = (
					"DEBUG=1",
					"$(inherited)",
				);
				GCC_WARN_64_TO_32_BIT_CONVERSION = YES;
				GCC_WARN_ABOUT_RETURN_TYPE = YES_ERROR;
				GCC_WARN_UNDECLARED_SELECTOR = YES;
				GCC_WARN_UNINITIALIZED_AUTOS = YES_AGGRESSIVE;
				GCC_WARN_UNUSED_FUNCTION = YES;
				GCC_WARN_UNUSED_VARIABLE = YES;
				IPHONEOS_DEPLOYMENT_TARGET = 13.2;
				MTL_ENABLE_DEBUG_INFO = INCLUDE_SOURCE;
				MTL_FAST_MATH = YES;
				ONLY_ACTIVE_ARCH = YES;
				SDKROOT = iphoneos;
				SWIFT_ACTIVE_COMPILATION_CONDITIONS = DEBUG;
				SWIFT_OPTIMIZATION_LEVEL = "-Onone";
				VERSIONING_SYSTEM = "apple-generic";
				VERSION_INFO_PREFIX = "";
			};
			name = Debug;
		};
		91B7974723B0E6350038CE25 /* Release */ = {
			isa = XCBuildConfiguration;
			buildSettings = {
				ALWAYS_SEARCH_USER_PATHS = NO;
				CLANG_ANALYZER_NONNULL = YES;
				CLANG_ANALYZER_NUMBER_OBJECT_CONVERSION = YES_AGGRESSIVE;
				CLANG_CXX_LANGUAGE_STANDARD = "gnu++14";
				CLANG_CXX_LIBRARY = "libc++";
				CLANG_ENABLE_MODULES = YES;
				CLANG_ENABLE_OBJC_ARC = YES;
				CLANG_ENABLE_OBJC_WEAK = YES;
				CLANG_WARN_BLOCK_CAPTURE_AUTORELEASING = YES;
				CLANG_WARN_BOOL_CONVERSION = YES;
				CLANG_WARN_COMMA = YES;
				CLANG_WARN_CONSTANT_CONVERSION = YES;
				CLANG_WARN_DEPRECATED_OBJC_IMPLEMENTATIONS = YES;
				CLANG_WARN_DIRECT_OBJC_ISA_USAGE = YES_ERROR;
				CLANG_WARN_DOCUMENTATION_COMMENTS = YES;
				CLANG_WARN_EMPTY_BODY = YES;
				CLANG_WARN_ENUM_CONVERSION = YES;
				CLANG_WARN_INFINITE_RECURSION = YES;
				CLANG_WARN_INT_CONVERSION = YES;
				CLANG_WARN_NON_LITERAL_NULL_CONVERSION = YES;
				CLANG_WARN_OBJC_IMPLICIT_RETAIN_SELF = YES;
				CLANG_WARN_OBJC_LITERAL_CONVERSION = YES;
				CLANG_WARN_OBJC_ROOT_CLASS = YES_ERROR;
				CLANG_WARN_RANGE_LOOP_ANALYSIS = YES;
				CLANG_WARN_STRICT_PROTOTYPES = YES;
				CLANG_WARN_SUSPICIOUS_MOVE = YES;
				CLANG_WARN_UNGUARDED_AVAILABILITY = YES_AGGRESSIVE;
				CLANG_WARN_UNREACHABLE_CODE = YES;
				CLANG_WARN__DUPLICATE_METHOD_MATCH = YES;
				COPY_PHASE_STRIP = NO;
				CURRENT_PROJECT_VERSION = 1;
				DEBUG_INFORMATION_FORMAT = "dwarf-with-dsym";
				ENABLE_NS_ASSERTIONS = NO;
				ENABLE_STRICT_OBJC_MSGSEND = YES;
				GCC_C_LANGUAGE_STANDARD = gnu11;
				GCC_NO_COMMON_BLOCKS = YES;
				GCC_WARN_64_TO_32_BIT_CONVERSION = YES;
				GCC_WARN_ABOUT_RETURN_TYPE = YES_ERROR;
				GCC_WARN_UNDECLARED_SELECTOR = YES;
				GCC_WARN_UNINITIALIZED_AUTOS = YES_AGGRESSIVE;
				GCC_WARN_UNUSED_FUNCTION = YES;
				GCC_WARN_UNUSED_VARIABLE = YES;
				IPHONEOS_DEPLOYMENT_TARGET = 13.2;
				MTL_ENABLE_DEBUG_INFO = NO;
				MTL_FAST_MATH = YES;
				SDKROOT = iphoneos;
				SWIFT_COMPILATION_MODE = wholemodule;
				SWIFT_OPTIMIZATION_LEVEL = "-O";
				VALIDATE_PRODUCT = YES;
				VERSIONING_SYSTEM = "apple-generic";
				VERSION_INFO_PREFIX = "";
			};
			name = Release;
		};
		91B7974923B0E6350038CE25 /* Debug */ = {
			isa = XCBuildConfiguration;
			baseConfigurationReference = 00654F3EBC195F1130347348 /* Pods-IssueCollector.debug.xcconfig */;
			buildSettings = {
				CLANG_ENABLE_MODULES = YES;
				CODE_SIGN_STYLE = Automatic;
				DEFINES_MODULE = YES;
				DEVELOPMENT_TEAM = 75SMYU6JAM;
				DYLIB_COMPATIBILITY_VERSION = 1;
				DYLIB_CURRENT_VERSION = 1;
				DYLIB_INSTALL_NAME_BASE = "@rpath";
				INFOPLIST_FILE = IssueCollector/Info.plist;
				INSTALL_PATH = "$(LOCAL_LIBRARY_DIR)/Frameworks";
				LD_RUNPATH_SEARCH_PATHS = (
					"$(inherited)",
					"@executable_path/Frameworks",
					"@loader_path/Frameworks",
				);
				PRODUCT_BUNDLE_IDENTIFIER = com.dtt.IssueCollector;
				PRODUCT_NAME = "$(TARGET_NAME:c99extidentifier)";
				SKIP_INSTALL = YES;
				SWIFT_OPTIMIZATION_LEVEL = "-Onone";
				SWIFT_VERSION = 5.0;
				TARGETED_DEVICE_FAMILY = "1,2";
			};
			name = Debug;
		};
		91B7974A23B0E6350038CE25 /* Release */ = {
			isa = XCBuildConfiguration;
			baseConfigurationReference = B9A28237192B0A7406004C7E /* Pods-IssueCollector.release.xcconfig */;
			buildSettings = {
				CLANG_ENABLE_MODULES = YES;
				CODE_SIGN_STYLE = Automatic;
				DEFINES_MODULE = YES;
				DEVELOPMENT_TEAM = 75SMYU6JAM;
				DYLIB_COMPATIBILITY_VERSION = 1;
				DYLIB_CURRENT_VERSION = 1;
				DYLIB_INSTALL_NAME_BASE = "@rpath";
				INFOPLIST_FILE = IssueCollector/Info.plist;
				INSTALL_PATH = "$(LOCAL_LIBRARY_DIR)/Frameworks";
				LD_RUNPATH_SEARCH_PATHS = (
					"$(inherited)",
					"@executable_path/Frameworks",
					"@loader_path/Frameworks",
				);
				PRODUCT_BUNDLE_IDENTIFIER = com.dtt.IssueCollector;
				PRODUCT_NAME = "$(TARGET_NAME:c99extidentifier)";
				SKIP_INSTALL = YES;
				SWIFT_VERSION = 5.0;
				TARGETED_DEVICE_FAMILY = "1,2";
			};
			name = Release;
		};
		91B7976123B0E6470038CE25 /* Debug */ = {
			isa = XCBuildConfiguration;
			baseConfigurationReference = C785E8B4DFC2261DFF2DAE8A /* Pods-IssueCollectorExample.debug.xcconfig */;
			buildSettings = {
				ASSETCATALOG_COMPILER_APPICON_NAME = AppIcon;
				CODE_SIGN_STYLE = Automatic;
				DEVELOPMENT_ASSET_PATHS = "\"IssueCollectorExample/Preview Content\"";
				DEVELOPMENT_TEAM = 75SMYU6JAM;
				ENABLE_PREVIEWS = YES;
				INFOPLIST_FILE = IssueCollectorExample/Info.plist;
				LD_RUNPATH_SEARCH_PATHS = (
					"$(inherited)",
					"@executable_path/Frameworks",
				);
				PRODUCT_BUNDLE_IDENTIFIER = com.dtt.IssueCollectorExample;
				PRODUCT_NAME = "$(TARGET_NAME)";
				SWIFT_VERSION = 5.0;
				TARGETED_DEVICE_FAMILY = "1,2";
			};
			name = Debug;
		};
		91B7976223B0E6470038CE25 /* Release */ = {
			isa = XCBuildConfiguration;
			baseConfigurationReference = A445CB932C659DE72F6F47AA /* Pods-IssueCollectorExample.release.xcconfig */;
			buildSettings = {
				ASSETCATALOG_COMPILER_APPICON_NAME = AppIcon;
				CODE_SIGN_STYLE = Automatic;
				DEVELOPMENT_ASSET_PATHS = "\"IssueCollectorExample/Preview Content\"";
				DEVELOPMENT_TEAM = 75SMYU6JAM;
				ENABLE_PREVIEWS = YES;
				INFOPLIST_FILE = IssueCollectorExample/Info.plist;
				LD_RUNPATH_SEARCH_PATHS = (
					"$(inherited)",
					"@executable_path/Frameworks",
				);
				PRODUCT_BUNDLE_IDENTIFIER = com.dtt.IssueCollectorExample;
				PRODUCT_NAME = "$(TARGET_NAME)";
				SWIFT_VERSION = 5.0;
				TARGETED_DEVICE_FAMILY = "1,2";
			};
			name = Release;
		};
/* End XCBuildConfiguration section */

/* Begin XCConfigurationList section */
		7C4DC3C023CC9C09000C24F5 /* Build configuration list for PBXNativeTarget "IssueCollectorExampleiOS12" */ = {
			isa = XCConfigurationList;
			buildConfigurations = (
				7C4DC3C123CC9C09000C24F5 /* Debug */,
				7C4DC3C223CC9C09000C24F5 /* Release */,
			);
			defaultConfigurationIsVisible = 0;
			defaultConfigurationName = Release;
		};
		91B7973A23B0E6350038CE25 /* Build configuration list for PBXProject "IssueCollector" */ = {
			isa = XCConfigurationList;
			buildConfigurations = (
				91B7974623B0E6350038CE25 /* Debug */,
				91B7974723B0E6350038CE25 /* Release */,
			);
			defaultConfigurationIsVisible = 0;
			defaultConfigurationName = Release;
		};
		91B7974823B0E6350038CE25 /* Build configuration list for PBXNativeTarget "IssueCollector" */ = {
			isa = XCConfigurationList;
			buildConfigurations = (
				91B7974923B0E6350038CE25 /* Debug */,
				91B7974A23B0E6350038CE25 /* Release */,
			);
			defaultConfigurationIsVisible = 0;
			defaultConfigurationName = Release;
		};
		91B7976023B0E6470038CE25 /* Build configuration list for PBXNativeTarget "IssueCollectorExample" */ = {
			isa = XCConfigurationList;
			buildConfigurations = (
				91B7976123B0E6470038CE25 /* Debug */,
				91B7976223B0E6470038CE25 /* Release */,
			);
			defaultConfigurationIsVisible = 0;
			defaultConfigurationName = Release;
		};
/* End XCConfigurationList section */
	};
	rootObject = 91B7973723B0E6350038CE25 /* Project object */;
}
